
Microsoft Visual Studio Solution File, Format Version 12.00
# Visual Studio Version 17
VisualStudioVersion = 17.13.35919.96 d17.13
MinimumVisualStudioVersion = 10.0.40219.1
Project("{FAE04EC0-301F-11D3-BF4B-00C04F79EFBC}") = "stripIntegration", "stripIntegration\stripIntegration.csproj", "{2CC1555C-A10F-44A5-A9FA-FE8723005509}"
EndProject
Global
	GlobalSection(SolutionConfigurationPlatforms) = preSolution
		Debug|Any CPU = Debug|Any CPU
		Release|Any CPU = Release|Any CPU
	EndGlobalSection
	GlobalSection(ProjectConfigurationPlatforms) = postSolution
		{2CC1555C-A10F-44A5-A9FA-FE8723005509}.Debug|Any CPU.ActiveCfg = Debug|Any CPU
		{2CC1555C-A10F-44A5-A9FA-FE8723005509}.Debug|Any CPU.Build.0 = Debug|Any CPU
		{2CC1555C-A10F-44A5-A9FA-FE8723005509}.Release|Any CPU.ActiveCfg = Release|Any CPU
		{2CC1555C-A10F-44A5-A9FA-FE8723005509}.Release|Any CPU.Build.0 = Release|Any CPU
	EndGlobalSection
	GlobalSection(SolutionProperties) = preSolution
		HideSolutionNode = FALSE
	EndGlobalSection
	GlobalSection(ExtensibilityGlobals) = postSolution
		SolutionGuid = {76A9DD90-0EE7-403F-9EEE-7239149AABAC}
	EndGlobalSection
EndGlobal
