Microsoft Visual Studio Solution File, Format Version 12.00
# Visual Studio Version 17
VisualStudioVersion = 17.5.2.0
MinimumVisualStudioVersion = 10.0.40219.1
Project("{FAE04EC0-301F-11D3-BF4B-00C04F79EFBC}") = "stripIntegration", "stripIntegration.csproj", "{14CDEC6B-3F9C-3CC9-E7ED-DBD3B54971DD}"
EndProject
Global
	GlobalSection(SolutionConfigurationPlatforms) = preSolution
		Debug|Any CPU = Debug|Any CPU
		Release|Any CPU = Release|Any CPU
	EndGlobalSection
	GlobalSection(ProjectConfigurationPlatforms) = postSolution
		{14CDEC6B-3F9C-3CC9-E7ED-DBD3B54971DD}.Debug|Any CPU.ActiveCfg = Debug|Any CPU
		{14CDEC6B-3F9C-3CC9-E7ED-DBD3B54971DD}.Debug|Any CPU.Build.0 = Debug|Any CPU
		{14CDEC6B-3F9C-3CC9-E7ED-DBD3B54971DD}.Release|Any CPU.ActiveCfg = Release|Any CPU
		{14CDEC6B-3F9C-3CC9-E7ED-DBD3B54971DD}.Release|Any CPU.Build.0 = Release|Any CPU
	EndGlobalSection
	GlobalSection(SolutionProperties) = preSolution
		HideSolutionNode = FALSE
	EndGlobalSection
	GlobalSection(ExtensibilityGlobals) = postSolution
		SolutionGuid = {827FCCBE-5238-413E-809F-4845B6AA39D2}
	EndGlobalSection
EndGlobal
